// !$*UTF8*$!
{
	archiveVersion = 1;
	classes = {
	};
	objectVersion = 56;
	objects = {

/* Begin PBXBuildFile section */
		84BEF43D2A4ABDF1000D48A2 /* Proffesional2023ProjectApp.swift in Sources */ = {isa = PBXBuildFile; fileRef = 84BEF43C2A4ABDF1000D48A2 /* Proffesional2023ProjectApp.swift */; };
		84BEF43F2A4ABDF1000D48A2 /* OnBoardingView.swift in Sources */ = {isa = PBXBuildFile; fileRef = 84BEF43E2A4ABDF1000D48A2 /* OnBoardingView.swift */; };
		84BEF4412A4ABDF3000D48A2 /* Assets.xcassets in Resources */ = {isa = PBXBuildFile; fileRef = 84BEF4402A4ABDF3000D48A2 /* Assets.xcassets */; };
		84BEF4442A4ABDF3000D48A2 /* Preview Assets.xcassets in Resources */ = {isa = PBXBuildFile; fileRef = 84BEF4432A4ABDF3000D48A2 /* Preview Assets.xcassets */; };
		84BEF44E2A4ABDF3000D48A2 /* Proffesional2023ProjectTests.swift in Sources */ = {isa = PBXBuildFile; fileRef = 84BEF44D2A4ABDF3000D48A2 /* Proffesional2023ProjectTests.swift */; };
		84BEF4582A4ABDF3000D48A2 /* Proffesional2023ProjectUITests.swift in Sources */ = {isa = PBXBuildFile; fileRef = 84BEF4572A4ABDF3000D48A2 /* Proffesional2023ProjectUITests.swift */; };
		84BEF45A2A4ABDF3000D48A2 /* Proffesional2023ProjectUITestsLaunchTests.swift in Sources */ = {isa = PBXBuildFile; fileRef = 84BEF4592A4ABDF3000D48A2 /* Proffesional2023ProjectUITestsLaunchTests.swift */; };
		84BEF4672A4ABE8F000D48A2 /* Splash.storyboard in Resources */ = {isa = PBXBuildFile; fileRef = 84BEF4662A4ABE8F000D48A2 /* Splash.storyboard */; };
		84BEF4692A4AC725000D48A2 /* SignUpView.swift in Sources */ = {isa = PBXBuildFile; fileRef = 84BEF4682A4AC725000D48A2 /* SignUpView.swift */; };
		84BEF4F02A4BF40F000D48A2 /* OnBoardingVM.swift in Sources */ = {isa = PBXBuildFile; fileRef = 84BEF4EF2A4BF40F000D48A2 /* OnBoardingVM.swift */; };
		84BEF4F22A4BF46F000D48A2 /* SignUpVM.swift in Sources */ = {isa = PBXBuildFile; fileRef = 84BEF4F12A4BF46F000D48A2 /* SignUpVM.swift */; };
		84BEF4F42A4BF48D000D48A2 /* Nav.swift in Sources */ = {isa = PBXBuildFile; fileRef = 84BEF4F32A4BF48D000D48A2 /* Nav.swift */; };
		84BEF4F62A4BF4D2000D48A2 /* OnBoardingModel.swift in Sources */ = {isa = PBXBuildFile; fileRef = 84BEF4F52A4BF4D2000D48A2 /* OnBoardingModel.swift */; };
		84BEF4F82A4BF56B000D48A2 /* MainView.swift in Sources */ = {isa = PBXBuildFile; fileRef = 84BEF4F72A4BF56B000D48A2 /* MainView.swift */; };
		84BEF4FC2A4C099D000D48A2 /* SignInView.swift in Sources */ = {isa = PBXBuildFile; fileRef = 84BEF4FB2A4C099D000D48A2 /* SignInView.swift */; };
		84BEF4FE2A4C0ABD000D48A2 /* SignInVM.swift in Sources */ = {isa = PBXBuildFile; fileRef = 84BEF4FD2A4C0ABD000D48A2 /* SignInVM.swift */; };
		84DA20822A591595001595C9 /* AppUser.swift in Sources */ = {isa = PBXBuildFile; fileRef = 84DA20812A591595001595C9 /* AppUser.swift */; };
		84DA20852A59161D001595C9 /* Supabase in Frameworks */ = {isa = PBXBuildFile; productRef = 84DA20842A59161D001595C9 /* Supabase */; };
		84DA20872A59169D001595C9 /* AuthMng.swift in Sources */ = {isa = PBXBuildFile; fileRef = 84DA20862A59169D001595C9 /* AuthMng.swift */; };
		84DA20892A593167001595C9 /* DataBaseManager.swift in Sources */ = {isa = PBXBuildFile; fileRef = 84DA20882A593167001595C9 /* DataBaseManager.swift */; };
		84DA208B2A5A8615001595C9 /* InfoVM.swift in Sources */ = {isa = PBXBuildFile; fileRef = 84DA208A2A5A8615001595C9 /* InfoVM.swift */; };
		84DA20982A5A8EED001595C9 /* Roboto-Black.ttf in Resources */ = {isa = PBXBuildFile; fileRef = 84DA208C2A5A8EEC001595C9 /* Roboto-Black.ttf */; };
		84DA20992A5A8EED001595C9 /* Roboto-LightItalic.ttf in Resources */ = {isa = PBXBuildFile; fileRef = 84DA208D2A5A8EEC001595C9 /* Roboto-LightItalic.ttf */; };
		84DA209A2A5A8EED001595C9 /* Roboto-Thin.ttf in Resources */ = {isa = PBXBuildFile; fileRef = 84DA208E2A5A8EEC001595C9 /* Roboto-Thin.ttf */; };
		84DA209B2A5A8EED001595C9 /* Roboto-ThinItalic.ttf in Resources */ = {isa = PBXBuildFile; fileRef = 84DA208F2A5A8EEC001595C9 /* Roboto-ThinItalic.ttf */; };
		84DA209C2A5A8EED001595C9 /* Roboto-Regular.ttf in Resources */ = {isa = PBXBuildFile; fileRef = 84DA20902A5A8EEC001595C9 /* Roboto-Regular.ttf */; };
		84DA209D2A5A8EED001595C9 /* Roboto-Bold.ttf in Resources */ = {isa = PBXBuildFile; fileRef = 84DA20912A5A8EEC001595C9 /* Roboto-Bold.ttf */; };
		84DA209E2A5A8EED001595C9 /* Roboto-Light.ttf in Resources */ = {isa = PBXBuildFile; fileRef = 84DA20922A5A8EEC001595C9 /* Roboto-Light.ttf */; };
		84DA209F2A5A8EED001595C9 /* Roboto-Medium.ttf in Resources */ = {isa = PBXBuildFile; fileRef = 84DA20932A5A8EEC001595C9 /* Roboto-Medium.ttf */; };
		84DA20A02A5A8EED001595C9 /* Roboto-MediumItalic.ttf in Resources */ = {isa = PBXBuildFile; fileRef = 84DA20942A5A8EEC001595C9 /* Roboto-MediumItalic.ttf */; };
		84DA20A12A5A8EED001595C9 /* Roboto-BlackItalic.ttf in Resources */ = {isa = PBXBuildFile; fileRef = 84DA20952A5A8EEC001595C9 /* Roboto-BlackItalic.ttf */; };
		84DA20A22A5A8EED001595C9 /* Roboto-BoldItalic.ttf in Resources */ = {isa = PBXBuildFile; fileRef = 84DA20962A5A8EEC001595C9 /* Roboto-BoldItalic.ttf */; };
		84DA20A32A5A8EED001595C9 /* Roboto-Italic.ttf in Resources */ = {isa = PBXBuildFile; fileRef = 84DA20972A5A8EED001595C9 /* Roboto-Italic.ttf */; };
		84DA20A72A5A8FA2001595C9 /* Roboto.zip in Resources */ = {isa = PBXBuildFile; fileRef = 84DA20A62A5A8FA2001595C9 /* Roboto.zip */; };
		84DA20A92A5A9021001595C9 /* Roboto in Resources */ = {isa = PBXBuildFile; fileRef = 84DA20A82A5A9021001595C9 /* Roboto */; };
/* End PBXBuildFile section */

/* Begin PBXContainerItemProxy section */
		84BEF44A2A4ABDF3000D48A2 /* PBXContainerItemProxy */ = {
			isa = PBXContainerItemProxy;
			containerPortal = 84BEF4312A4ABDF1000D48A2 /* Project object */;
			proxyType = 1;
			remoteGlobalIDString = 84BEF4382A4ABDF1000D48A2;
			remoteInfo = Proffesional2023Project;
		};
		84BEF4542A4ABDF3000D48A2 /* PBXContainerItemProxy */ = {
			isa = PBXContainerItemProxy;
			containerPortal = 84BEF4312A4ABDF1000D48A2 /* Project object */;
			proxyType = 1;
			remoteGlobalIDString = 84BEF4382A4ABDF1000D48A2;
			remoteInfo = Proffesional2023Project;
		};
/* End PBXContainerItemProxy section */

/* Begin PBXFileReference section */
		84BEF4392A4ABDF1000D48A2 /* Proffesional2023Project.app */ = {isa = PBXFileReference; explicitFileType = wrapper.application; includeInIndex = 0; path = Proffesional2023Project.app; sourceTree = BUILT_PRODUCTS_DIR; };
		84BEF43C2A4ABDF1000D48A2 /* Proffesional2023ProjectApp.swift */ = {isa = PBXFileReference; lastKnownFileType = sourcecode.swift; path = Proffesional2023ProjectApp.swift; sourceTree = "<group>"; };
		84BEF43E2A4ABDF1000D48A2 /* OnBoardingView.swift */ = {isa = PBXFileReference; lastKnownFileType = sourcecode.swift; path = OnBoardingView.swift; sourceTree = "<group>"; };
		84BEF4402A4ABDF3000D48A2 /* Assets.xcassets */ = {isa = PBXFileReference; lastKnownFileType = folder.assetcatalog; path = Assets.xcassets; sourceTree = "<group>"; };
		84BEF4432A4ABDF3000D48A2 /* Preview Assets.xcassets */ = {isa = PBXFileReference; lastKnownFileType = folder.assetcatalog; path = "Preview Assets.xcassets"; sourceTree = "<group>"; };
		84BEF4492A4ABDF3000D48A2 /* Proffesional2023ProjectTests.xctest */ = {isa = PBXFileReference; explicitFileType = wrapper.cfbundle; includeInIndex = 0; path = Proffesional2023ProjectTests.xctest; sourceTree = BUILT_PRODUCTS_DIR; };
		84BEF44D2A4ABDF3000D48A2 /* Proffesional2023ProjectTests.swift */ = {isa = PBXFileReference; lastKnownFileType = sourcecode.swift; path = Proffesional2023ProjectTests.swift; sourceTree = "<group>"; };
		84BEF4532A4ABDF3000D48A2 /* Proffesional2023ProjectUITests.xctest */ = {isa = PBXFileReference; explicitFileType = wrapper.cfbundle; includeInIndex = 0; path = Proffesional2023ProjectUITests.xctest; sourceTree = BUILT_PRODUCTS_DIR; };
		84BEF4572A4ABDF3000D48A2 /* Proffesional2023ProjectUITests.swift */ = {isa = PBXFileReference; lastKnownFileType = sourcecode.swift; path = Proffesional2023ProjectUITests.swift; sourceTree = "<group>"; };
		84BEF4592A4ABDF3000D48A2 /* Proffesional2023ProjectUITestsLaunchTests.swift */ = {isa = PBXFileReference; lastKnownFileType = sourcecode.swift; path = Proffesional2023ProjectUITestsLaunchTests.swift; sourceTree = "<group>"; };
		84BEF4662A4ABE8F000D48A2 /* Splash.storyboard */ = {isa = PBXFileReference; lastKnownFileType = file.storyboard; path = Splash.storyboard; sourceTree = "<group>"; };
		84BEF4682A4AC725000D48A2 /* SignUpView.swift */ = {isa = PBXFileReference; lastKnownFileType = sourcecode.swift; path = SignUpView.swift; sourceTree = "<group>"; };
		84BEF4EF2A4BF40F000D48A2 /* OnBoardingVM.swift */ = {isa = PBXFileReference; fileEncoding = 4; lastKnownFileType = sourcecode.swift; path = OnBoardingVM.swift; sourceTree = "<group>"; };
		84BEF4F12A4BF46F000D48A2 /* SignUpVM.swift */ = {isa = PBXFileReference; fileEncoding = 4; lastKnownFileType = sourcecode.swift; path = SignUpVM.swift; sourceTree = "<group>"; };
		84BEF4F32A4BF48D000D48A2 /* Nav.swift */ = {isa = PBXFileReference; fileEncoding = 4; lastKnownFileType = sourcecode.swift; path = Nav.swift; sourceTree = "<group>"; };
		84BEF4F52A4BF4D2000D48A2 /* OnBoardingModel.swift */ = {isa = PBXFileReference; fileEncoding = 4; lastKnownFileType = sourcecode.swift; path = OnBoardingModel.swift; sourceTree = "<group>"; };
		84BEF4F72A4BF56B000D48A2 /* MainView.swift */ = {isa = PBXFileReference; fileEncoding = 4; lastKnownFileType = sourcecode.swift; path = MainView.swift; sourceTree = "<group>"; };
		84BEF4FB2A4C099D000D48A2 /* SignInView.swift */ = {isa = PBXFileReference; fileEncoding = 4; lastKnownFileType = sourcecode.swift; path = SignInView.swift; sourceTree = "<group>"; };
		84BEF4FD2A4C0ABD000D48A2 /* SignInVM.swift */ = {isa = PBXFileReference; lastKnownFileType = sourcecode.swift; path = SignInVM.swift; sourceTree = "<group>"; };
		84DA20812A591595001595C9 /* AppUser.swift */ = {isa = PBXFileReference; lastKnownFileType = sourcecode.swift; path = AppUser.swift; sourceTree = "<group>"; };
		84DA20862A59169D001595C9 /* AuthMng.swift */ = {isa = PBXFileReference; lastKnownFileType = sourcecode.swift; path = AuthMng.swift; sourceTree = "<group>"; };
		84DA20882A593167001595C9 /* DataBaseManager.swift */ = {isa = PBXFileReference; fileEncoding = 4; lastKnownFileType = sourcecode.swift; path = DataBaseManager.swift; sourceTree = "<group>"; };
		84DA208A2A5A8615001595C9 /* InfoVM.swift */ = {isa = PBXFileReference; lastKnownFileType = sourcecode.swift; path = InfoVM.swift; sourceTree = "<group>"; };
		84DA208C2A5A8EEC001595C9 /* Roboto-Black.ttf */ = {isa = PBXFileReference; lastKnownFileType = file; path = "Roboto-Black.ttf"; sourceTree = "<group>"; };
		84DA208D2A5A8EEC001595C9 /* Roboto-LightItalic.ttf */ = {isa = PBXFileReference; lastKnownFileType = file; path = "Roboto-LightItalic.ttf"; sourceTree = "<group>"; };
		84DA208E2A5A8EEC001595C9 /* Roboto-Thin.ttf */ = {isa = PBXFileReference; lastKnownFileType = file; path = "Roboto-Thin.ttf"; sourceTree = "<group>"; };
		84DA208F2A5A8EEC001595C9 /* Roboto-ThinItalic.ttf */ = {isa = PBXFileReference; lastKnownFileType = file; path = "Roboto-ThinItalic.ttf"; sourceTree = "<group>"; };
		84DA20902A5A8EEC001595C9 /* Roboto-Regular.ttf */ = {isa = PBXFileReference; lastKnownFileType = file; path = "Roboto-Regular.ttf"; sourceTree = "<group>"; };
		84DA20912A5A8EEC001595C9 /* Roboto-Bold.ttf */ = {isa = PBXFileReference; lastKnownFileType = file; path = "Roboto-Bold.ttf"; sourceTree = "<group>"; };
		84DA20922A5A8EEC001595C9 /* Roboto-Light.ttf */ = {isa = PBXFileReference; lastKnownFileType = file; path = "Roboto-Light.ttf"; sourceTree = "<group>"; };
		84DA20932A5A8EEC001595C9 /* Roboto-Medium.ttf */ = {isa = PBXFileReference; lastKnownFileType = file; path = "Roboto-Medium.ttf"; sourceTree = "<group>"; };
		84DA20942A5A8EEC001595C9 /* Roboto-MediumItalic.ttf */ = {isa = PBXFileReference; lastKnownFileType = file; path = "Roboto-MediumItalic.ttf"; sourceTree = "<group>"; };
		84DA20952A5A8EEC001595C9 /* Roboto-BlackItalic.ttf */ = {isa = PBXFileReference; lastKnownFileType = file; path = "Roboto-BlackItalic.ttf"; sourceTree = "<group>"; };
		84DA20962A5A8EEC001595C9 /* Roboto-BoldItalic.ttf */ = {isa = PBXFileReference; lastKnownFileType = file; path = "Roboto-BoldItalic.ttf"; sourceTree = "<group>"; };
		84DA20972A5A8EED001595C9 /* Roboto-Italic.ttf */ = {isa = PBXFileReference; lastKnownFileType = file; path = "Roboto-Italic.ttf"; sourceTree = "<group>"; };
		84DA20A52A5A8F35001595C9 /* Info.plist */ = {isa = PBXFileReference; lastKnownFileType = text.plist; path = Info.plist; sourceTree = "<group>"; };
		84DA20A62A5A8FA2001595C9 /* Roboto.zip */ = {isa = PBXFileReference; lastKnownFileType = archive.zip; path = Roboto.zip; sourceTree = "<group>"; };
		84DA20A82A5A9021001595C9 /* Roboto */ = {isa = PBXFileReference; lastKnownFileType = folder; path = Roboto; sourceTree = "<group>"; };
/* End PBXFileReference section */

/* Begin PBXFrameworksBuildPhase section */
		84BEF4362A4ABDF1000D48A2 /* Frameworks */ = {
			isa = PBXFrameworksBuildPhase;
			buildActionMask = 2147483647;
			files = (
				84DA20852A59161D001595C9 /* Supabase in Frameworks */,
			);
			runOnlyForDeploymentPostprocessing = 0;
		};
		84BEF4462A4ABDF3000D48A2 /* Frameworks */ = {
			isa = PBXFrameworksBuildPhase;
			buildActionMask = 2147483647;
			files = (
			);
			runOnlyForDeploymentPostprocessing = 0;
		};
		84BEF4502A4ABDF3000D48A2 /* Frameworks */ = {
			isa = PBXFrameworksBuildPhase;
			buildActionMask = 2147483647;
			files = (
			);
			runOnlyForDeploymentPostprocessing = 0;
		};
/* End PBXFrameworksBuildPhase section */

/* Begin PBXGroup section */
		84BEF4302A4ABDF1000D48A2 = {
			isa = PBXGroup;
			children = (
				84BEF43B2A4ABDF1000D48A2 /* Proffesional2023Project */,
				84BEF44C2A4ABDF3000D48A2 /* Proffesional2023ProjectTests */,
				84BEF4562A4ABDF3000D48A2 /* Proffesional2023ProjectUITests */,
				84BEF43A2A4ABDF1000D48A2 /* Products */,
			);
			sourceTree = "<group>";
		};
		84BEF43A2A4ABDF1000D48A2 /* Products */ = {
			isa = PBXGroup;
			children = (
				84BEF4392A4ABDF1000D48A2 /* Proffesional2023Project.app */,
				84BEF4492A4ABDF3000D48A2 /* Proffesional2023ProjectTests.xctest */,
				84BEF4532A4ABDF3000D48A2 /* Proffesional2023ProjectUITests.xctest */,
			);
			name = Products;
			sourceTree = "<group>";
		};
		84BEF43B2A4ABDF1000D48A2 /* Proffesional2023Project */ = {
			isa = PBXGroup;
			children = (
				84DA20A52A5A8F35001595C9 /* Info.plist */,
				84DA20A42A5A8EF1001595C9 /* Custom Font */,
				84BEF43C2A4ABDF1000D48A2 /* Proffesional2023ProjectApp.swift */,
				84BEF4F72A4BF56B000D48A2 /* MainView.swift */,
				84DA20812A591595001595C9 /* AppUser.swift */,
				84DA20882A593167001595C9 /* DataBaseManager.swift */,
				84DA20862A59169D001595C9 /* AuthMng.swift */,
				84DA208A2A5A8615001595C9 /* InfoVM.swift */,
				84BEF4EE2A4BF318000D48A2 /* OnBoardingGroup */,
				84BEF4F32A4BF48D000D48A2 /* Nav.swift */,
				84BEF4FF2A4D52C5000D48A2 /* SignInView */,
				84BEF4ED2A4BF30B000D48A2 /* SignUpGroup */,
				84BEF4662A4ABE8F000D48A2 /* Splash.storyboard */,
				84BEF4402A4ABDF3000D48A2 /* Assets.xcassets */,
				84BEF4422A4ABDF3000D48A2 /* Preview Content */,
			);
			path = Proffesional2023Project;
			sourceTree = "<group>";
		};
		84BEF4422A4ABDF3000D48A2 /* Preview Content */ = {
			isa = PBXGroup;
			children = (
				84BEF4432A4ABDF3000D48A2 /* Preview Assets.xcassets */,
			);
			path = "Preview Content";
			sourceTree = "<group>";
		};
		84BEF44C2A4ABDF3000D48A2 /* Proffesional2023ProjectTests */ = {
			isa = PBXGroup;
			children = (
				84BEF44D2A4ABDF3000D48A2 /* Proffesional2023ProjectTests.swift */,
			);
			path = Proffesional2023ProjectTests;
			sourceTree = "<group>";
		};
		84BEF4562A4ABDF3000D48A2 /* Proffesional2023ProjectUITests */ = {
			isa = PBXGroup;
			children = (
				84BEF4572A4ABDF3000D48A2 /* Proffesional2023ProjectUITests.swift */,
				84BEF4592A4ABDF3000D48A2 /* Proffesional2023ProjectUITestsLaunchTests.swift */,
			);
			path = Proffesional2023ProjectUITests;
			sourceTree = "<group>";
		};
		84BEF4ED2A4BF30B000D48A2 /* SignUpGroup */ = {
			isa = PBXGroup;
			children = (
				84BEF4682A4AC725000D48A2 /* SignUpView.swift */,
				84BEF4F12A4BF46F000D48A2 /* SignUpVM.swift */,
			);
			path = SignUpGroup;
			sourceTree = "<group>";
		};
		84BEF4EE2A4BF318000D48A2 /* OnBoardingGroup */ = {
			isa = PBXGroup;
			children = (
				84BEF43E2A4ABDF1000D48A2 /* OnBoardingView.swift */,
				84BEF4F52A4BF4D2000D48A2 /* OnBoardingModel.swift */,
				84BEF4EF2A4BF40F000D48A2 /* OnBoardingVM.swift */,
			);
			path = OnBoardingGroup;
			sourceTree = "<group>";
		};
		84BEF4FF2A4D52C5000D48A2 /* SignInView */ = {
			isa = PBXGroup;
			children = (
				84BEF4FB2A4C099D000D48A2 /* SignInView.swift */,
				84DA20A82A5A9021001595C9 /* Roboto */,
				84BEF4FD2A4C0ABD000D48A2 /* SignInVM.swift */,
			);
			path = SignInView;
			sourceTree = "<group>";
		};
		84DA20A42A5A8EF1001595C9 /* Custom Font */ = {
			isa = PBXGroup;
			children = (
				84DA208C2A5A8EEC001595C9 /* Roboto-Black.ttf */,
				84DA20A62A5A8FA2001595C9 /* Roboto.zip */,
				84DA20952A5A8EEC001595C9 /* Roboto-BlackItalic.ttf */,
				84DA20912A5A8EEC001595C9 /* Roboto-Bold.ttf */,
				84DA20962A5A8EEC001595C9 /* Roboto-BoldItalic.ttf */,
				84DA20972A5A8EED001595C9 /* Roboto-Italic.ttf */,
				84DA20922A5A8EEC001595C9 /* Roboto-Light.ttf */,
				84DA208D2A5A8EEC001595C9 /* Roboto-LightItalic.ttf */,
				84DA20932A5A8EEC001595C9 /* Roboto-Medium.ttf */,
				84DA20942A5A8EEC001595C9 /* Roboto-MediumItalic.ttf */,
				84DA20902A5A8EEC001595C9 /* Roboto-Regular.ttf */,
				84DA208E2A5A8EEC001595C9 /* Roboto-Thin.ttf */,
				84DA208F2A5A8EEC001595C9 /* Roboto-ThinItalic.ttf */,
			);
			path = "Custom Font";
			sourceTree = "<group>";
		};
/* End PBXGroup section */

/* Begin PBXNativeTarget section */
		84BEF4382A4ABDF1000D48A2 /* Proffesional2023Project */ = {
			isa = PBXNativeTarget;
			buildConfigurationList = 84BEF45D2A4ABDF3000D48A2 /* Build configuration list for PBXNativeTarget "Proffesional2023Project" */;
			buildPhases = (
				84BEF4352A4ABDF1000D48A2 /* Sources */,
				84BEF4362A4ABDF1000D48A2 /* Frameworks */,
				84BEF4372A4ABDF1000D48A2 /* Resources */,
			);
			buildRules = (
			);
			dependencies = (
			);
			name = Proffesional2023Project;
			packageProductDependencies = (
				84DA20842A59161D001595C9 /* Supabase */,
			);
			productName = Proffesional2023Project;
			productReference = 84BEF4392A4ABDF1000D48A2 /* Proffesional2023Project.app */;
			productType = "com.apple.product-type.application";
		};
		84BEF4482A4ABDF3000D48A2 /* Proffesional2023ProjectTests */ = {
			isa = PBXNativeTarget;
			buildConfigurationList = 84BEF4602A4ABDF3000D48A2 /* Build configuration list for PBXNativeTarget "Proffesional2023ProjectTests" */;
			buildPhases = (
				84BEF4452A4ABDF3000D48A2 /* Sources */,
				84BEF4462A4ABDF3000D48A2 /* Frameworks */,
				84BEF4472A4ABDF3000D48A2 /* Resources */,
			);
			buildRules = (
			);
			dependencies = (
				84BEF44B2A4ABDF3000D48A2 /* PBXTargetDependency */,
			);
			name = Proffesional2023ProjectTests;
			productName = Proffesional2023ProjectTests;
			productReference = 84BEF4492A4ABDF3000D48A2 /* Proffesional2023ProjectTests.xctest */;
			productType = "com.apple.product-type.bundle.unit-test";
		};
		84BEF4522A4ABDF3000D48A2 /* Proffesional2023ProjectUITests */ = {
			isa = PBXNativeTarget;
			buildConfigurationList = 84BEF4632A4ABDF3000D48A2 /* Build configuration list for PBXNativeTarget "Proffesional2023ProjectUITests" */;
			buildPhases = (
				84BEF44F2A4ABDF3000D48A2 /* Sources */,
				84BEF4502A4ABDF3000D48A2 /* Frameworks */,
				84BEF4512A4ABDF3000D48A2 /* Resources */,
			);
			buildRules = (
			);
			dependencies = (
				84BEF4552A4ABDF3000D48A2 /* PBXTargetDependency */,
			);
			name = Proffesional2023ProjectUITests;
			productName = Proffesional2023ProjectUITests;
			productReference = 84BEF4532A4ABDF3000D48A2 /* Proffesional2023ProjectUITests.xctest */;
			productType = "com.apple.product-type.bundle.ui-testing";
		};
/* End PBXNativeTarget section */

/* Begin PBXProject section */
		84BEF4312A4ABDF1000D48A2 /* Project object */ = {
			isa = PBXProject;
			attributes = {
				BuildIndependentTargetsInParallel = 1;
				LastSwiftUpdateCheck = 1400;
				LastUpgradeCheck = 1400;
				TargetAttributes = {
					84BEF4382A4ABDF1000D48A2 = {
						CreatedOnToolsVersion = 14.0;
					};
					84BEF4482A4ABDF3000D48A2 = {
						CreatedOnToolsVersion = 14.0;
						TestTargetID = 84BEF4382A4ABDF1000D48A2;
					};
					84BEF4522A4ABDF3000D48A2 = {
						CreatedOnToolsVersion = 14.0;
						TestTargetID = 84BEF4382A4ABDF1000D48A2;
					};
				};
			};
			buildConfigurationList = 84BEF4342A4ABDF1000D48A2 /* Build configuration list for PBXProject "Proffesional2023Project" */;
			compatibilityVersion = "Xcode 14.0";
			developmentRegion = en;
			hasScannedForEncodings = 0;
			knownRegions = (
				en,
				Base,
			);
			mainGroup = 84BEF4302A4ABDF1000D48A2;
			packageReferences = (
				84DA20832A59161D001595C9 /* XCRemoteSwiftPackageReference "supabase-swift" */,
			);
			productRefGroup = 84BEF43A2A4ABDF1000D48A2 /* Products */;
			projectDirPath = "";
			projectRoot = "";
			targets = (
				84BEF4382A4ABDF1000D48A2 /* Proffesional2023Project */,
				84BEF4482A4ABDF3000D48A2 /* Proffesional2023ProjectTests */,
				84BEF4522A4ABDF3000D48A2 /* Proffesional2023ProjectUITests */,
			);
		};
/* End PBXProject section */

/* Begin PBXResourcesBuildPhase section */
		84BEF4372A4ABDF1000D48A2 /* Resources */ = {
			isa = PBXResourcesBuildPhase;
			buildActionMask = 2147483647;
			files = (
				84DA20A72A5A8FA2001595C9 /* Roboto.zip in Resources */,
				84BEF4442A4ABDF3000D48A2 /* Preview Assets.xcassets in Resources */,
				84BEF4412A4ABDF3000D48A2 /* Assets.xcassets in Resources */,
				84DA209E2A5A8EED001595C9 /* Roboto-Light.ttf in Resources */,
				84DA209C2A5A8EED001595C9 /* Roboto-Regular.ttf in Resources */,
				84DA20A02A5A8EED001595C9 /* Roboto-MediumItalic.ttf in Resources */,
				84DA209A2A5A8EED001595C9 /* Roboto-Thin.ttf in Resources */,
				84DA20A12A5A8EED001595C9 /* Roboto-BlackItalic.ttf in Resources */,
				84DA20A32A5A8EED001595C9 /* Roboto-Italic.ttf in Resources */,
				84DA209B2A5A8EED001595C9 /* Roboto-ThinItalic.ttf in Resources */,
				84DA209D2A5A8EED001595C9 /* Roboto-Bold.ttf in Resources */,
				84DA20992A5A8EED001595C9 /* Roboto-LightItalic.ttf in Resources */,
				84DA209F2A5A8EED001595C9 /* Roboto-Medium.ttf in Resources */,
				84DA20A92A5A9021001595C9 /* Roboto in Resources */,
				84BEF4672A4ABE8F000D48A2 /* Splash.storyboard in Resources */,
				84DA20A22A5A8EED001595C9 /* Roboto-BoldItalic.ttf in Resources */,
				84DA20982A5A8EED001595C9 /* Roboto-Black.ttf in Resources */,
			);
			runOnlyForDeploymentPostprocessing = 0;
		};
		84BEF4472A4ABDF3000D48A2 /* Resources */ = {
			isa = PBXResourcesBuildPhase;
			buildActionMask = 2147483647;
			files = (
			);
			runOnlyForDeploymentPostprocessing = 0;
		};
		84BEF4512A4ABDF3000D48A2 /* Resources */ = {
			isa = PBXResourcesBuildPhase;
			buildActionMask = 2147483647;
			files = (
			);
			runOnlyForDeploymentPostprocessing = 0;
		};
/* End PBXResourcesBuildPhase section */

/* Begin PBXSourcesBuildPhase section */
		84BEF4352A4ABDF1000D48A2 /* Sources */ = {
			isa = PBXSourcesBuildPhase;
			buildActionMask = 2147483647;
			files = (
				84BEF4FC2A4C099D000D48A2 /* SignInView.swift in Sources */,
				84BEF4692A4AC725000D48A2 /* SignUpView.swift in Sources */,
				84BEF43F2A4ABDF1000D48A2 /* OnBoardingView.swift in Sources */,
				84DA20822A591595001595C9 /* AppUser.swift in Sources */,
				84DA20872A59169D001595C9 /* AuthMng.swift in Sources */,
				84BEF4F82A4BF56B000D48A2 /* MainView.swift in Sources */,
				84BEF4FE2A4C0ABD000D48A2 /* SignInVM.swift in Sources */,
				84DA208B2A5A8615001595C9 /* InfoVM.swift in Sources */,
				84BEF43D2A4ABDF1000D48A2 /* Proffesional2023ProjectApp.swift in Sources */,
				84BEF4F22A4BF46F000D48A2 /* SignUpVM.swift in Sources */,
				84BEF4F02A4BF40F000D48A2 /* OnBoardingVM.swift in Sources */,
				84BEF4F42A4BF48D000D48A2 /* Nav.swift in Sources */,
				84BEF4F62A4BF4D2000D48A2 /* OnBoardingModel.swift in Sources */,
				84DA20892A593167001595C9 /* DataBaseManager.swift in Sources */,
			);
			runOnlyForDeploymentPostprocessing = 0;
		};
		84BEF4452A4ABDF3000D48A2 /* Sources */ = {
			isa = PBXSourcesBuildPhase;
			buildActionMask = 2147483647;
			files = (
				84BEF44E2A4ABDF3000D48A2 /* Proffesional2023ProjectTests.swift in Sources */,
			);
			runOnlyForDeploymentPostprocessing = 0;
		};
		84BEF44F2A4ABDF3000D48A2 /* Sources */ = {
			isa = PBXSourcesBuildPhase;
			buildActionMask = 2147483647;
			files = (
				84BEF4582A4ABDF3000D48A2 /* Proffesional2023ProjectUITests.swift in Sources */,
				84BEF45A2A4ABDF3000D48A2 /* Proffesional2023ProjectUITestsLaunchTests.swift in Sources */,
			);
			runOnlyForDeploymentPostprocessing = 0;
		};
/* End PBXSourcesBuildPhase section */

/* Begin PBXTargetDependency section */
		84BEF44B2A4ABDF3000D48A2 /* PBXTargetDependency */ = {
			isa = PBXTargetDependency;
			target = 84BEF4382A4ABDF1000D48A2 /* Proffesional2023Project */;
			targetProxy = 84BEF44A2A4ABDF3000D48A2 /* PBXContainerItemProxy */;
		};
		84BEF4552A4ABDF3000D48A2 /* PBXTargetDependency */ = {
			isa = PBXTargetDependency;
			target = 84BEF4382A4ABDF1000D48A2 /* Proffesional2023Project */;
			targetProxy = 84BEF4542A4ABDF3000D48A2 /* PBXContainerItemProxy */;
		};
/* End PBXTargetDependency section */

/* Begin XCBuildConfiguration section */
		84BEF45B2A4ABDF3000D48A2 /* Debug */ = {
			isa = XCBuildConfiguration;
			buildSettings = {
				ALWAYS_SEARCH_USER_PATHS = NO;
				CLANG_ANALYZER_NONNULL = YES;
				CLANG_ANALYZER_NUMBER_OBJECT_CONVERSION = YES_AGGRESSIVE;
				CLANG_CXX_LANGUAGE_STANDARD = "gnu++20";
				CLANG_ENABLE_MODULES = YES;
				CLANG_ENABLE_OBJC_ARC = YES;
				CLANG_ENABLE_OBJC_WEAK = YES;
				CLANG_WARN_BLOCK_CAPTURE_AUTORELEASING = YES;
				CLANG_WARN_BOOL_CONVERSION = YES;
				CLANG_WARN_COMMA = YES;
				CLANG_WARN_CONSTANT_CONVERSION = YES;
				CLANG_WARN_DEPRECATED_OBJC_IMPLEMENTATIONS = YES;
				CLANG_WARN_DIRECT_OBJC_ISA_USAGE = YES_ERROR;
				CLANG_WARN_DOCUMENTATION_COMMENTS = YES;
				CLANG_WARN_EMPTY_BODY = YES;
				CLANG_WARN_ENUM_CONVERSION = YES;
				CLANG_WARN_INFINITE_RECURSION = YES;
				CLANG_WARN_INT_CONVERSION = YES;
				CLANG_WARN_NON_LITERAL_NULL_CONVERSION = YES;
				CLANG_WARN_OBJC_IMPLICIT_RETAIN_SELF = YES;
				CLANG_WARN_OBJC_LITERAL_CONVERSION = YES;
				CLANG_WARN_OBJC_ROOT_CLASS = YES_ERROR;
				CLANG_WARN_QUOTED_INCLUDE_IN_FRAMEWORK_HEADER = YES;
				CLANG_WARN_RANGE_LOOP_ANALYSIS = YES;
				CLANG_WARN_STRICT_PROTOTYPES = YES;
				CLANG_WARN_SUSPICIOUS_MOVE = YES;
				CLANG_WARN_UNGUARDED_AVAILABILITY = YES_AGGRESSIVE;
				CLANG_WARN_UNREACHABLE_CODE = YES;
				CLANG_WARN__DUPLICATE_METHOD_MATCH = YES;
				COPY_PHASE_STRIP = NO;
				DEBUG_INFORMATION_FORMAT = dwarf;
				ENABLE_STRICT_OBJC_MSGSEND = YES;
				ENABLE_TESTABILITY = YES;
				GCC_C_LANGUAGE_STANDARD = gnu11;
				GCC_DYNAMIC_NO_PIC = NO;
				GCC_NO_COMMON_BLOCKS = YES;
				GCC_OPTIMIZATION_LEVEL = 0;
				GCC_PREPROCESSOR_DEFINITIONS = (
					"DEBUG=1",
					"$(inherited)",
				);
				GCC_WARN_64_TO_32_BIT_CONVERSION = YES;
				GCC_WARN_ABOUT_RETURN_TYPE = YES_ERROR;
				GCC_WARN_UNDECLARED_SELECTOR = YES;
				GCC_WARN_UNINITIALIZED_AUTOS = YES_AGGRESSIVE;
				GCC_WARN_UNUSED_FUNCTION = YES;
				GCC_WARN_UNUSED_VARIABLE = YES;
				IPHONEOS_DEPLOYMENT_TARGET = 16.0;
				MTL_ENABLE_DEBUG_INFO = INCLUDE_SOURCE;
				MTL_FAST_MATH = YES;
				ONLY_ACTIVE_ARCH = YES;
				SDKROOT = iphoneos;
				SWIFT_ACTIVE_COMPILATION_CONDITIONS = DEBUG;
				SWIFT_OPTIMIZATION_LEVEL = "-Onone";
			};
			name = Debug;
		};
		84BEF45C2A4ABDF3000D48A2 /* Release */ = {
			isa = XCBuildConfiguration;
			buildSettings = {
				ALWAYS_SEARCH_USER_PATHS = NO;
				CLANG_ANALYZER_NONNULL = YES;
				CLANG_ANALYZER_NUMBER_OBJECT_CONVERSION = YES_AGGRESSIVE;
				CLANG_CXX_LANGUAGE_STANDARD = "gnu++20";
				CLANG_ENABLE_MODULES = YES;
				CLANG_ENABLE_OBJC_ARC = YES;
				CLANG_ENABLE_OBJC_WEAK = YES;
				CLANG_WARN_BLOCK_CAPTURE_AUTORELEASING = YES;
				CLANG_WARN_BOOL_CONVERSION = YES;
				CLANG_WARN_COMMA = YES;
				CLANG_WARN_CONSTANT_CONVERSION = YES;
				CLANG_WARN_DEPRECATED_OBJC_IMPLEMENTATIONS = YES;
				CLANG_WARN_DIRECT_OBJC_ISA_USAGE = YES_ERROR;
				CLANG_WARN_DOCUMENTATION_COMMENTS = YES;
				CLANG_WARN_EMPTY_BODY = YES;
				CLANG_WARN_ENUM_CONVERSION = YES;
				CLANG_WARN_INFINITE_RECURSION = YES;
				CLANG_WARN_INT_CONVERSION = YES;
				CLANG_WARN_NON_LITERAL_NULL_CONVERSION = YES;
				CLANG_WARN_OBJC_IMPLICIT_RETAIN_SELF = YES;
				CLANG_WARN_OBJC_LITERAL_CONVERSION = YES;
				CLANG_WARN_OBJC_ROOT_CLASS = YES_ERROR;
				CLANG_WARN_QUOTED_INCLUDE_IN_FRAMEWORK_HEADER = YES;
				CLANG_WARN_RANGE_LOOP_ANALYSIS = YES;
				CLANG_WARN_STRICT_PROTOTYPES = YES;
				CLANG_WARN_SUSPICIOUS_MOVE = YES;
				CLANG_WARN_UNGUARDED_AVAILABILITY = YES_AGGRESSIVE;
				CLANG_WARN_UNREACHABLE_CODE = YES;
				CLANG_WARN__DUPLICATE_METHOD_MATCH = YES;
				COPY_PHASE_STRIP = NO;
				DEBUG_INFORMATION_FORMAT = "dwarf-with-dsym";
				ENABLE_NS_ASSERTIONS = NO;
				ENABLE_STRICT_OBJC_MSGSEND = YES;
				GCC_C_LANGUAGE_STANDARD = gnu11;
				GCC_NO_COMMON_BLOCKS = YES;
				GCC_WARN_64_TO_32_BIT_CONVERSION = YES;
				GCC_WARN_ABOUT_RETURN_TYPE = YES_ERROR;
				GCC_WARN_UNDECLARED_SELECTOR = YES;
				GCC_WARN_UNINITIALIZED_AUTOS = YES_AGGRESSIVE;
				GCC_WARN_UNUSED_FUNCTION = YES;
				GCC_WARN_UNUSED_VARIABLE = YES;
				IPHONEOS_DEPLOYMENT_TARGET = 16.0;
				MTL_ENABLE_DEBUG_INFO = NO;
				MTL_FAST_MATH = YES;
				SDKROOT = iphoneos;
				SWIFT_COMPILATION_MODE = wholemodule;
				SWIFT_OPTIMIZATION_LEVEL = "-O";
				VALIDATE_PRODUCT = YES;
			};
			name = Release;
		};
		84BEF45E2A4ABDF3000D48A2 /* Debug */ = {
			isa = XCBuildConfiguration;
			buildSettings = {
				ASSETCATALOG_COMPILER_APPICON_NAME = AppIcon;
				ASSETCATALOG_COMPILER_GLOBAL_ACCENT_COLOR_NAME = AccentColor;
				CODE_SIGN_STYLE = Automatic;
				CURRENT_PROJECT_VERSION = 1;
				DEVELOPMENT_ASSET_PATHS = "\"Proffesional2023Project/Preview Content\"";
				DEVELOPMENT_TEAM = S87544GG4A;
				ENABLE_PREVIEWS = YES;
				GENERATE_INFOPLIST_FILE = YES;
				INFOPLIST_FILE = Proffesional2023Project/Info.plist;
				INFOPLIST_KEY_UIApplicationSceneManifest_Generation = YES;
				INFOPLIST_KEY_UIApplicationSupportsIndirectInputEvents = YES;
				INFOPLIST_KEY_UILaunchScreen_Generation = YES;
				INFOPLIST_KEY_UILaunchStoryboardName = Splash.storyboard;
				INFOPLIST_KEY_UISupportedInterfaceOrientations_iPad = "UIInterfaceOrientationPortrait UIInterfaceOrientationPortraitUpsideDown UIInterfaceOrientationLandscapeLeft UIInterfaceOrientationLandscapeRight";
				INFOPLIST_KEY_UISupportedInterfaceOrientations_iPhone = "UIInterfaceOrientationPortrait UIInterfaceOrientationLandscapeLeft UIInterfaceOrientationLandscapeRight";
				LD_RUNPATH_SEARCH_PATHS = (
					"$(inherited)",
					"@executable_path/Frameworks",
				);
				MARKETING_VERSION = 1.0;
				PRODUCT_BUNDLE_IDENTIFIER = me.whywelive.Proffesional2023Project;
				PRODUCT_NAME = "$(TARGET_NAME)";
				SWIFT_EMIT_LOC_STRINGS = YES;
				SWIFT_VERSION = 5.0;
				TARGETED_DEVICE_FAMILY = "1,2";
			};
			name = Debug;
		};
		84BEF45F2A4ABDF3000D48A2 /* Release */ = {
			isa = XCBuildConfiguration;
			buildSettings = {
				ASSETCATALOG_COMPILER_APPICON_NAME = AppIcon;
				ASSETCATALOG_COMPILER_GLOBAL_ACCENT_COLOR_NAME = AccentColor;
				CODE_SIGN_STYLE = Automatic;
				CURRENT_PROJECT_VERSION = 1;
				DEVELOPMENT_ASSET_PATHS = "\"Proffesional2023Project/Preview Content\"";
				DEVELOPMENT_TEAM = S87544GG4A;
				ENABLE_PREVIEWS = YES;
				GENERATE_INFOPLIST_FILE = YES;
				INFOPLIST_FILE = Proffesional2023Project/Info.plist;
				INFOPLIST_KEY_UIApplicationSceneManifest_Generation = YES;
				INFOPLIST_KEY_UIApplicationSupportsIndirectInputEvents = YES;
				INFOPLIST_KEY_UILaunchScreen_Generation = YES;
				INFOPLIST_KEY_UILaunchStoryboardName = Splash.storyboard;
				INFOPLIST_KEY_UISupportedInterfaceOrientations_iPad = "UIInterfaceOrientationPortrait UIInterfaceOrientationPortraitUpsideDown UIInterfaceOrientationLandscapeLeft UIInterfaceOrientationLandscapeRight";
				INFOPLIST_KEY_UISupportedInterfaceOrientations_iPhone = "UIInterfaceOrientationPortrait UIInterfaceOrientationLandscapeLeft UIInterfaceOrientationLandscapeRight";
				LD_RUNPATH_SEARCH_PATHS = (
					"$(inherited)",
					"@executable_path/Frameworks",
				);
				MARKETING_VERSION = 1.0;
				PRODUCT_BUNDLE_IDENTIFIER = me.whywelive.Proffesional2023Project;
				PRODUCT_NAME = "$(TARGET_NAME)";
				SWIFT_EMIT_LOC_STRINGS = YES;
				SWIFT_VERSION = 5.0;
				TARGETED_DEVICE_FAMILY = "1,2";
			};
			name = Release;
		};
		84BEF4612A4ABDF3000D48A2 /* Debug */ = {
			isa = XCBuildConfiguration;
			buildSettings = {
				ALWAYS_EMBED_SWIFT_STANDARD_LIBRARIES = YES;
				BUNDLE_LOADER = "$(TEST_HOST)";
				CODE_SIGN_STYLE = Automatic;
				CURRENT_PROJECT_VERSION = 1;
				DEVELOPMENT_TEAM = S87544GG4A;
				GENERATE_INFOPLIST_FILE = YES;
				IPHONEOS_DEPLOYMENT_TARGET = 16.0;
				MARKETING_VERSION = 1.0;
				PRODUCT_BUNDLE_IDENTIFIER = me.whywelive.Proffesional2023ProjectTests;
				PRODUCT_NAME = "$(TARGET_NAME)";
				SWIFT_EMIT_LOC_STRINGS = NO;
				SWIFT_VERSION = 5.0;
				TARGETED_DEVICE_FAMILY = "1,2";
				TEST_HOST = "$(BUILT_PRODUCTS_DIR)/Proffesional2023Project.app/$(BUNDLE_EXECUTABLE_FOLDER_PATH)/Proffesional2023Project";
			};
			name = Debug;
		};
		84BEF4622A4ABDF3000D48A2 /* Release */ = {
			isa = XCBuildConfiguration;
			buildSettings = {
				ALWAYS_EMBED_SWIFT_STANDARD_LIBRARIES = YES;
				BUNDLE_LOADER = "$(TEST_HOST)";
				CODE_SIGN_STYLE = Automatic;
				CURRENT_PROJECT_VERSION = 1;
				DEVELOPMENT_TEAM = S87544GG4A;
				GENERATE_INFOPLIST_FILE = YES;
				IPHONEOS_DEPLOYMENT_TARGET = 16.0;
				MARKETING_VERSION = 1.0;
				PRODUCT_BUNDLE_IDENTIFIER = me.whywelive.Proffesional2023ProjectTests;
				PRODUCT_NAME = "$(TARGET_NAME)";
				SWIFT_EMIT_LOC_STRINGS = NO;
				SWIFT_VERSION = 5.0;
				TARGETED_DEVICE_FAMILY = "1,2";
				TEST_HOST = "$(BUILT_PRODUCTS_DIR)/Proffesional2023Project.app/$(BUNDLE_EXECUTABLE_FOLDER_PATH)/Proffesional2023Project";
			};
			name = Release;
		};
		84BEF4642A4ABDF3000D48A2 /* Debug */ = {
			isa = XCBuildConfiguration;
			buildSettings = {
				ALWAYS_EMBED_SWIFT_STANDARD_LIBRARIES = YES;
				CODE_SIGN_STYLE = Automatic;
				CURRENT_PROJECT_VERSION = 1;
				DEVELOPMENT_TEAM = S87544GG4A;
				GENERATE_INFOPLIST_FILE = YES;
				MARKETING_VERSION = 1.0;
				PRODUCT_BUNDLE_IDENTIFIER = me.whywelive.Proffesional2023ProjectUITests;
				PRODUCT_NAME = "$(TARGET_NAME)";
				SWIFT_EMIT_LOC_STRINGS = NO;
				SWIFT_VERSION = 5.0;
				TARGETED_DEVICE_FAMILY = "1,2";
				TEST_TARGET_NAME = Proffesional2023Project;
			};
			name = Debug;
		};
		84BEF4652A4ABDF3000D48A2 /* Release */ = {
			isa = XCBuildConfiguration;
			buildSettings = {
				ALWAYS_EMBED_SWIFT_STANDARD_LIBRARIES = YES;
				CODE_SIGN_STYLE = Automatic;
				CURRENT_PROJECT_VERSION = 1;
				DEVELOPMENT_TEAM = S87544GG4A;
				GENERATE_INFOPLIST_FILE = YES;
				MARKETING_VERSION = 1.0;
				PRODUCT_BUNDLE_IDENTIFIER = me.whywelive.Proffesional2023ProjectUITests;
				PRODUCT_NAME = "$(TARGET_NAME)";
				SWIFT_EMIT_LOC_STRINGS = NO;
				SWIFT_VERSION = 5.0;
				TARGETED_DEVICE_FAMILY = "1,2";
				TEST_TARGET_NAME = Proffesional2023Project;
			};
			name = Release;
		};
/* End XCBuildConfiguration section */

/* Begin XCConfigurationList section */
		84BEF4342A4ABDF1000D48A2 /* Build configuration list for PBXProject "Proffesional2023Project" */ = {
			isa = XCConfigurationList;
			buildConfigurations = (
				84BEF45B2A4ABDF3000D48A2 /* Debug */,
				84BEF45C2A4ABDF3000D48A2 /* Release */,
			);
			defaultConfigurationIsVisible = 0;
			defaultConfigurationName = Release;
		};
		84BEF45D2A4ABDF3000D48A2 /* Build configuration list for PBXNativeTarget "Proffesional2023Project" */ = {
			isa = XCConfigurationList;
			buildConfigurations = (
				84BEF45E2A4ABDF3000D48A2 /* Debug */,
				84BEF45F2A4ABDF3000D48A2 /* Release */,
			);
			defaultConfigurationIsVisible = 0;
			defaultConfigurationName = Release;
		};
		84BEF4602A4ABDF3000D48A2 /* Build configuration list for PBXNativeTarget "Proffesional2023ProjectTests" */ = {
			isa = XCConfigurationList;
			buildConfigurations = (
				84BEF4612A4ABDF3000D48A2 /* Debug */,
				84BEF4622A4ABDF3000D48A2 /* Release */,
			);
			defaultConfigurationIsVisible = 0;
			defaultConfigurationName = Release;
		};
		84BEF4632A4ABDF3000D48A2 /* Build configuration list for PBXNativeTarget "Proffesional2023ProjectUITests" */ = {
			isa = XCConfigurationList;
			buildConfigurations = (
				84BEF4642A4ABDF3000D48A2 /* Debug */,
				84BEF4652A4ABDF3000D48A2 /* Release */,
			);
			defaultConfigurationIsVisible = 0;
			defaultConfigurationName = Release;
		};
/* End XCConfigurationList section */

/* Begin XCRemoteSwiftPackageReference section */
		84DA20832A59161D001595C9 /* XCRemoteSwiftPackageReference "supabase-swift" */ = {
			isa = XCRemoteSwiftPackageReference;
			repositoryURL = "https://github.com/supabase/supabase-swift.git";
			requirement = {
				branch = master;
				kind = branch;
			};
		};
/* End XCRemoteSwiftPackageReference section */

/* Begin XCSwiftPackageProductDependency section */
		84DA20842A59161D001595C9 /* Supabase */ = {
			isa = XCSwiftPackageProductDependency;
			package = 84DA20832A59161D001595C9 /* XCRemoteSwiftPackageReference "supabase-swift" */;
			productName = Supabase;
		};
/* End XCSwiftPackageProductDependency section */
	};
	rootObject = 84BEF4312A4ABDF1000D48A2 /* Project object */;
}
